// !$*UTF8*$!
{
	archiveVersion = 1;
	classes = {
	};
	objectVersion = 50;
	objects = {

/* Begin PBXBuildFile section */
		8CB840CD21135DBF004BCF01 /* AppDelegate.swift in Sources */ = {isa = PBXBuildFile; fileRef = 8CB840CC21135DBF004BCF01 /* AppDelegate.swift */; };
		8CB840CF21135DBF004BCF01 /* ViewController.swift in Sources */ = {isa = PBXBuildFile; fileRef = 8CB840CE21135DBF004BCF01 /* ViewController.swift */; };
		8CB840D221135DBF004BCF01 /* Main.storyboard in Resources */ = {isa = PBXBuildFile; fileRef = 8CB840D021135DBF004BCF01 /* Main.storyboard */; };
		8CB840D421135DC0004BCF01 /* Assets.xcassets in Resources */ = {isa = PBXBuildFile; fileRef = 8CB840D321135DC0004BCF01 /* Assets.xcassets */; };
		8CB840D721135DC0004BCF01 /* LaunchScreen.storyboard in Resources */ = {isa = PBXBuildFile; fileRef = 8CB840D521135DC0004BCF01 /* LaunchScreen.storyboard */; };
		8CB840E221135DC0004BCF01 /* Hobby_TutorialTests.swift in Sources */ = {isa = PBXBuildFile; fileRef = 8CB840E121135DC0004BCF01 /* Hobby_TutorialTests.swift */; };
		8CB840ED21135DC0004BCF01 /* Hobby_TutorialUITests.swift in Sources */ = {isa = PBXBuildFile; fileRef = 8CB840EC21135DC0004BCF01 /* Hobby_TutorialUITests.swift */; };
/* End PBXBuildFile section */

/* Begin PBXContainerItemProxy section */
		8CB840DE21135DC0004BCF01 /* PBXContainerItemProxy */ = {
			isa = PBXContainerItemProxy;
			containerPortal = 8CB840C121135DBF004BCF01 /* Project object */;
			proxyType = 1;
			remoteGlobalIDString = 8CB840C821135DBF004BCF01;
			remoteInfo = "Hobby Tutorial";
		};
		8CB840E921135DC0004BCF01 /* PBXContainerItemProxy */ = {
			isa = PBXContainerItemProxy;
			containerPortal = 8CB840C121135DBF004BCF01 /* Project object */;
			proxyType = 1;
			remoteGlobalIDString = 8CB840C821135DBF004BCF01;
			remoteInfo = "Hobby Tutorial";
		};
/* End PBXContainerItemProxy section */

/* Begin PBXFileReference section */
		8CB840C921135DBF004BCF01 /* Hobby Tutorial.app */ = {isa = PBXFileReference; explicitFileType = wrapper.application; includeInIndex = 0; path = "Hobby Tutorial.app"; sourceTree = BUILT_PRODUCTS_DIR; };
		8CB840CC21135DBF004BCF01 /* AppDelegate.swift */ = {isa = PBXFileReference; lastKnownFileType = sourcecode.swift; path = AppDelegate.swift; sourceTree = "<group>"; };
		8CB840CE21135DBF004BCF01 /* ViewController.swift */ = {isa = PBXFileReference; lastKnownFileType = sourcecode.swift; path = ViewController.swift; sourceTree = "<group>"; };
		8CB840D121135DBF004BCF01 /* Base */ = {isa = PBXFileReference; lastKnownFileType = file.storyboard; name = Base; path = Base.lproj/Main.storyboard; sourceTree = "<group>"; };
		8CB840D321135DC0004BCF01 /* Assets.xcassets */ = {isa = PBXFileReference; lastKnownFileType = folder.assetcatalog; path = Assets.xcassets; sourceTree = "<group>"; };
		8CB840D621135DC0004BCF01 /* Base */ = {isa = PBXFileReference; lastKnownFileType = file.storyboard; name = Base; path = Base.lproj/LaunchScreen.storyboard; sourceTree = "<group>"; };
		8CB840D821135DC0004BCF01 /* Info.plist */ = {isa = PBXFileReference; lastKnownFileType = text.plist.xml; path = Info.plist; sourceTree = "<group>"; };
		8CB840DD21135DC0004BCF01 /* Hobby TutorialTests.xctest */ = {isa = PBXFileReference; explicitFileType = wrapper.cfbundle; includeInIndex = 0; path = "Hobby TutorialTests.xctest"; sourceTree = BUILT_PRODUCTS_DIR; };
		8CB840E121135DC0004BCF01 /* Hobby_TutorialTests.swift */ = {isa = PBXFileReference; lastKnownFileType = sourcecode.swift; path = Hobby_TutorialTests.swift; sourceTree = "<group>"; };
		8CB840E321135DC0004BCF01 /* Info.plist */ = {isa = PBXFileReference; lastKnownFileType = text.plist.xml; path = Info.plist; sourceTree = "<group>"; };
		8CB840E821135DC0004BCF01 /* Hobby TutorialUITests.xctest */ = {isa = PBXFileReference; explicitFileType = wrapper.cfbundle; includeInIndex = 0; path = "Hobby TutorialUITests.xctest"; sourceTree = BUILT_PRODUCTS_DIR; };
		8CB840EC21135DC0004BCF01 /* Hobby_TutorialUITests.swift */ = {isa = PBXFileReference; lastKnownFileType = sourcecode.swift; path = Hobby_TutorialUITests.swift; sourceTree = "<group>"; };
		8CB840EE21135DC0004BCF01 /* Info.plist */ = {isa = PBXFileReference; lastKnownFileType = text.plist.xml; path = Info.plist; sourceTree = "<group>"; };
/* End PBXFileReference section */

/* Begin PBXFrameworksBuildPhase section */
		8CB840C621135DBF004BCF01 /* Frameworks */ = {
			isa = PBXFrameworksBuildPhase;
			buildActionMask = 2147483647;
			files = (
			);
			runOnlyForDeploymentPostprocessing = 0;
		};
		8CB840DA21135DC0004BCF01 /* Frameworks */ = {
			isa = PBXFrameworksBuildPhase;
			buildActionMask = 2147483647;
			files = (
			);
			runOnlyForDeploymentPostprocessing = 0;
		};
		8CB840E521135DC0004BCF01 /* Frameworks */ = {
			isa = PBXFrameworksBuildPhase;
			buildActionMask = 2147483647;
			files = (
			);
			runOnlyForDeploymentPostprocessing = 0;
		};
/* End PBXFrameworksBuildPhase section */

/* Begin PBXGroup section */
		8CB840C021135DBF004BCF01 = {
			isa = PBXGroup;
			children = (
				8CB840CB21135DBF004BCF01 /* Hobby Tutorial */,
				8CB840E021135DC0004BCF01 /* Hobby TutorialTests */,
				8CB840EB21135DC0004BCF01 /* Hobby TutorialUITests */,
				8CB840CA21135DBF004BCF01 /* Products */,
			);
			sourceTree = "<group>";
		};
		8CB840CA21135DBF004BCF01 /* Products */ = {
			isa = PBXGroup;
			children = (
				8CB840C921135DBF004BCF01 /* Hobby Tutorial.app */,
				8CB840DD21135DC0004BCF01 /* Hobby TutorialTests.xctest */,
				8CB840E821135DC0004BCF01 /* Hobby TutorialUITests.xctest */,
			);
			name = Products;
			sourceTree = "<group>";
		};
		8CB840CB21135DBF004BCF01 /* Hobby Tutorial */ = {
			isa = PBXGroup;
			children = (
				8CB840CC21135DBF004BCF01 /* AppDelegate.swift */,
				8CB840CE21135DBF004BCF01 /* ViewController.swift */,
				8CB840D021135DBF004BCF01 /* Main.storyboard */,
				8CB840D321135DC0004BCF01 /* Assets.xcassets */,
				8CB840D521135DC0004BCF01 /* LaunchScreen.storyboard */,
				8CB840D821135DC0004BCF01 /* Info.plist */,
			);
			path = "Hobby Tutorial";
			sourceTree = "<group>";
		};
		8CB840E021135DC0004BCF01 /* Hobby TutorialTests */ = {
			isa = PBXGroup;
			children = (
				8CB840E121135DC0004BCF01 /* Hobby_TutorialTests.swift */,
				8CB840E321135DC0004BCF01 /* Info.plist */,
			);
			path = "Hobby TutorialTests";
			sourceTree = "<group>";
		};
		8CB840EB21135DC0004BCF01 /* Hobby TutorialUITests */ = {
			isa = PBXGroup;
			children = (
				8CB840EC21135DC0004BCF01 /* Hobby_TutorialUITests.swift */,
				8CB840EE21135DC0004BCF01 /* Info.plist */,
			);
			path = "Hobby TutorialUITests";
			sourceTree = "<group>";
		};
/* End PBXGroup section */

/* Begin PBXNativeTarget section */
		8CB840C821135DBF004BCF01 /* Hobby Tutorial */ = {
			isa = PBXNativeTarget;
			buildConfigurationList = 8CB840F121135DC0004BCF01 /* Build configuration list for PBXNativeTarget "Hobby Tutorial" */;
			buildPhases = (
				8CB840C521135DBF004BCF01 /* Sources */,
				8CB840C621135DBF004BCF01 /* Frameworks */,
				8CB840C721135DBF004BCF01 /* Resources */,
			);
			buildRules = (
			);
			dependencies = (
			);
			name = "Hobby Tutorial";
			productName = "Hobby Tutorial";
			productReference = 8CB840C921135DBF004BCF01 /* Hobby Tutorial.app */;
			productType = "com.apple.product-type.application";
		};
		8CB840DC21135DC0004BCF01 /* Hobby TutorialTests */ = {
			isa = PBXNativeTarget;
			buildConfigurationList = 8CB840F421135DC0004BCF01 /* Build configuration list for PBXNativeTarget "Hobby TutorialTests" */;
			buildPhases = (
				8CB840D921135DC0004BCF01 /* Sources */,
				8CB840DA21135DC0004BCF01 /* Frameworks */,
				8CB840DB21135DC0004BCF01 /* Resources */,
			);
			buildRules = (
			);
			dependencies = (
				8CB840DF21135DC0004BCF01 /* PBXTargetDependency */,
			);
			name = "Hobby TutorialTests";
			productName = "Hobby TutorialTests";
			productReference = 8CB840DD21135DC0004BCF01 /* Hobby TutorialTests.xctest */;
			productType = "com.apple.product-type.bundle.unit-test";
		};
		8CB840E721135DC0004BCF01 /* Hobby TutorialUITests */ = {
			isa = PBXNativeTarget;
			buildConfigurationList = 8CB840F721135DC0004BCF01 /* Build configuration list for PBXNativeTarget "Hobby TutorialUITests" */;
			buildPhases = (
				8CB840E421135DC0004BCF01 /* Sources */,
				8CB840E521135DC0004BCF01 /* Frameworks */,
				8CB840E621135DC0004BCF01 /* Resources */,
			);
			buildRules = (
			);
			dependencies = (
				8CB840EA21135DC0004BCF01 /* PBXTargetDependency */,
			);
			name = "Hobby TutorialUITests";
			productName = "Hobby TutorialUITests";
			productReference = 8CB840E821135DC0004BCF01 /* Hobby TutorialUITests.xctest */;
			productType = "com.apple.product-type.bundle.ui-testing";
		};
/* End PBXNativeTarget section */

/* Begin PBXProject section */
		8CB840C121135DBF004BCF01 /* Project object */ = {
			isa = PBXProject;
			attributes = {
				LastSwiftUpdateCheck = 0940;
				LastUpgradeCheck = 0940;
				ORGANIZATIONNAME = "Ricardo van Burik";
				TargetAttributes = {
					8CB840C821135DBF004BCF01 = {
						CreatedOnToolsVersion = 9.4.1;
					};
					8CB840DC21135DC0004BCF01 = {
						CreatedOnToolsVersion = 9.4.1;
						TestTargetID = 8CB840C821135DBF004BCF01;
					};
					8CB840E721135DC0004BCF01 = {
						CreatedOnToolsVersion = 9.4.1;
						TestTargetID = 8CB840C821135DBF004BCF01;
					};
				};
			};
			buildConfigurationList = 8CB840C421135DBF004BCF01 /* Build configuration list for PBXProject "Hobby Tutorial" */;
			compatibilityVersion = "Xcode 9.3";
			developmentRegion = en;
			hasScannedForEncodings = 0;
			knownRegions = (
				en,
				Base,
			);
			mainGroup = 8CB840C021135DBF004BCF01;
			productRefGroup = 8CB840CA21135DBF004BCF01 /* Products */;
			projectDirPath = "";
			projectRoot = "";
			targets = (
				8CB840C821135DBF004BCF01 /* Hobby Tutorial */,
				8CB840DC21135DC0004BCF01 /* Hobby TutorialTests */,
				8CB840E721135DC0004BCF01 /* Hobby TutorialUITests */,
			);
		};
/* End PBXProject section */

/* Begin PBXResourcesBuildPhase section */
		8CB840C721135DBF004BCF01 /* Resources */ = {
			isa = PBXResourcesBuildPhase;
			buildActionMask = 2147483647;
			files = (
				8CB840D721135DC0004BCF01 /* LaunchScreen.storyboard in Resources */,
				8CB840D421135DC0004BCF01 /* Assets.xcassets in Resources */,
				8CB840D221135DBF004BCF01 /* Main.storyboard in Resources */,
			);
			runOnlyForDeploymentPostprocessing = 0;
		};
		8CB840DB21135DC0004BCF01 /* Resources */ = {
			isa = PBXResourcesBuildPhase;
			buildActionMask = 2147483647;
			files = (
			);
			runOnlyForDeploymentPostprocessing = 0;
		};
		8CB840E621135DC0004BCF01 /* Resources */ = {
			isa = PBXResourcesBuildPhase;
			buildActionMask = 2147483647;
			files = (
			);
			runOnlyForDeploymentPostprocessing = 0;
		};
/* End PBXResourcesBuildPhase section */

/* Begin PBXSourcesBuildPhase section */
		8CB840C521135DBF004BCF01 /* Sources */ = {
			isa = PBXSourcesBuildPhase;
			buildActionMask = 2147483647;
			files = (
				8CB840CF21135DBF004BCF01 /* ViewController.swift in Sources */,
				8CB840CD21135DBF004BCF01 /* AppDelegate.swift in Sources */,
			);
			runOnlyForDeploymentPostprocessing = 0;
		};
		8CB840D921135DC0004BCF01 /* Sources */ = {
			isa = PBXSourcesBuildPhase;
			buildActionMask = 2147483647;
			files = (
				8CB840E221135DC0004BCF01 /* Hobby_TutorialTests.swift in Sources */,
			);
			runOnlyForDeploymentPostprocessing = 0;
		};
		8CB840E421135DC0004BCF01 /* Sources */ = {
			isa = PBXSourcesBuildPhase;
			buildActionMask = 2147483647;
			files = (
				8CB840ED21135DC0004BCF01 /* Hobby_TutorialUITests.swift in Sources */,
			);
			runOnlyForDeploymentPostprocessing = 0;
		};
/* End PBXSourcesBuildPhase section */

/* Begin PBXTargetDependency section */
		8CB840DF21135DC0004BCF01 /* PBXTargetDependency */ = {
			isa = PBXTargetDependency;
			target = 8CB840C821135DBF004BCF01 /* Hobby Tutorial */;
			targetProxy = 8CB840DE21135DC0004BCF01 /* PBXContainerItemProxy */;
		};
		8CB840EA21135DC0004BCF01 /* PBXTargetDependency */ = {
			isa = PBXTargetDependency;
			target = 8CB840C821135DBF004BCF01 /* Hobby Tutorial */;
			targetProxy = 8CB840E921135DC0004BCF01 /* PBXContainerItemProxy */;
		};
/* End PBXTargetDependency section */

/* Begin PBXVariantGroup section */
		8CB840D021135DBF004BCF01 /* Main.storyboard */ = {
			isa = PBXVariantGroup;
			children = (
				8CB840D121135DBF004BCF01 /* Base */,
			);
			name = Main.storyboard;
			sourceTree = "<group>";
		};
		8CB840D521135DC0004BCF01 /* LaunchScreen.storyboard */ = {
			isa = PBXVariantGroup;
			children = (
				8CB840D621135DC0004BCF01 /* Base */,
			);
			name = LaunchScreen.storyboard;
			sourceTree = "<group>";
		};
/* End PBXVariantGroup section */

/* Begin XCBuildConfiguration section */
		8CB840EF21135DC0004BCF01 /* Debug */ = {
			isa = XCBuildConfiguration;
			buildSettings = {
				ALWAYS_SEARCH_USER_PATHS = NO;
				CLANG_ANALYZER_NONNULL = YES;
				CLANG_ANALYZER_NUMBER_OBJECT_CONVERSION = YES_AGGRESSIVE;
				CLANG_CXX_LANGUAGE_STANDARD = "gnu++14";
				CLANG_CXX_LIBRARY = "libc++";
				CLANG_ENABLE_MODULES = YES;
				CLANG_ENABLE_OBJC_ARC = YES;
				CLANG_ENABLE_OBJC_WEAK = YES;
				CLANG_WARN_BLOCK_CAPTURE_AUTORELEASING = YES;
				CLANG_WARN_BOOL_CONVERSION = YES;
				CLANG_WARN_COMMA = YES;
				CLANG_WARN_CONSTANT_CONVERSION = YES;
				CLANG_WARN_DEPRECATED_OBJC_IMPLEMENTATIONS = YES;
				CLANG_WARN_DIRECT_OBJC_ISA_USAGE = YES_ERROR;
				CLANG_WARN_DOCUMENTATION_COMMENTS = YES;
				CLANG_WARN_EMPTY_BODY = YES;
				CLANG_WARN_ENUM_CONVERSION = YES;
				CLANG_WARN_INFINITE_RECURSION = YES;
				CLANG_WARN_INT_CONVERSION = YES;
				CLANG_WARN_NON_LITERAL_NULL_CONVERSION = YES;
				CLANG_WARN_OBJC_IMPLICIT_RETAIN_SELF = YES;
				CLANG_WARN_OBJC_LITERAL_CONVERSION = YES;
				CLANG_WARN_OBJC_ROOT_CLASS = YES_ERROR;
				CLANG_WARN_RANGE_LOOP_ANALYSIS = YES;
				CLANG_WARN_STRICT_PROTOTYPES = YES;
				CLANG_WARN_SUSPICIOUS_MOVE = YES;
				CLANG_WARN_UNGUARDED_AVAILABILITY = YES_AGGRESSIVE;
				CLANG_WARN_UNREACHABLE_CODE = YES;
				CLANG_WARN__DUPLICATE_METHOD_MATCH = YES;
				CODE_SIGN_IDENTITY = "iPhone Developer";
				COPY_PHASE_STRIP = NO;
				DEBUG_INFORMATION_FORMAT = dwarf;
				ENABLE_STRICT_OBJC_MSGSEND = YES;
				ENABLE_TESTABILITY = YES;
				GCC_C_LANGUAGE_STANDARD = gnu11;
				GCC_DYNAMIC_NO_PIC = NO;
				GCC_NO_COMMON_BLOCKS = YES;
				GCC_OPTIMIZATION_LEVEL = 0;
				GCC_PREPROCESSOR_DEFINITIONS = (
					"DEBUG=1",
					"$(inherited)",
				);
				GCC_WARN_64_TO_32_BIT_CONVERSION = YES;
				GCC_WARN_ABOUT_RETURN_TYPE = YES_ERROR;
				GCC_WARN_UNDECLARED_SELECTOR = YES;
				GCC_WARN_UNINITIALIZED_AUTOS = YES_AGGRESSIVE;
				GCC_WARN_UNUSED_FUNCTION = YES;
				GCC_WARN_UNUSED_VARIABLE = YES;
				IPHONEOS_DEPLOYMENT_TARGET = 11.4;
				MTL_ENABLE_DEBUG_INFO = YES;
				ONLY_ACTIVE_ARCH = YES;
				SDKROOT = iphoneos;
				SWIFT_ACTIVE_COMPILATION_CONDITIONS = DEBUG;
				SWIFT_OPTIMIZATION_LEVEL = "-Onone";
			};
			name = Debug;
		};
		8CB840F021135DC0004BCF01 /* Release */ = {
			isa = XCBuildConfiguration;
			buildSettings = {
				ALWAYS_SEARCH_USER_PATHS = NO;
				CLANG_ANALYZER_NONNULL = YES;
				CLANG_ANALYZER_NUMBER_OBJECT_CONVERSION = YES_AGGRESSIVE;
				CLANG_CXX_LANGUAGE_STANDARD = "gnu++14";
				CLANG_CXX_LIBRARY = "libc++";
				CLANG_ENABLE_MODULES = YES;
				CLANG_ENABLE_OBJC_ARC = YES;
				CLANG_ENABLE_OBJC_WEAK = YES;
				CLANG_WARN_BLOCK_CAPTURE_AUTORELEASING = YES;
				CLANG_WARN_BOOL_CONVERSION = YES;
				CLANG_WARN_COMMA = YES;
				CLANG_WARN_CONSTANT_CONVERSION = YES;
				CLANG_WARN_DEPRECATED_OBJC_IMPLEMENTATIONS = YES;
				CLANG_WARN_DIRECT_OBJC_ISA_USAGE = YES_ERROR;
				CLANG_WARN_DOCUMENTATION_COMMENTS = YES;
				CLANG_WARN_EMPTY_BODY = YES;
				CLANG_WARN_ENUM_CONVERSION = YES;
				CLANG_WARN_INFINITE_RECURSION = YES;
				CLANG_WARN_INT_CONVERSION = YES;
				CLANG_WARN_NON_LITERAL_NULL_CONVERSION = YES;
				CLANG_WARN_OBJC_IMPLICIT_RETAIN_SELF = YES;
				CLANG_WARN_OBJC_LITERAL_CONVERSION = YES;
				CLANG_WARN_OBJC_ROOT_CLASS = YES_ERROR;
				CLANG_WARN_RANGE_LOOP_ANALYSIS = YES;
				CLANG_WARN_STRICT_PROTOTYPES = YES;
				CLANG_WARN_SUSPICIOUS_MOVE = YES;
				CLANG_WARN_UNGUARDED_AVAILABILITY = YES_AGGRESSIVE;
				CLANG_WARN_UNREACHABLE_CODE = YES;
				CLANG_WARN__DUPLICATE_METHOD_MATCH = YES;
				CODE_SIGN_IDENTITY = "iPhone Developer";
				COPY_PHASE_STRIP = NO;
				DEBUG_INFORMATION_FORMAT = "dwarf-with-dsym";
				ENABLE_NS_ASSERTIONS = NO;
				ENABLE_STRICT_OBJC_MSGSEND = YES;
				GCC_C_LANGUAGE_STANDARD = gnu11;
				GCC_NO_COMMON_BLOCKS = YES;
				GCC_WARN_64_TO_32_BIT_CONVERSION = YES;
				GCC_WARN_ABOUT_RETURN_TYPE = YES_ERROR;
				GCC_WARN_UNDECLARED_SELECTOR = YES;
				GCC_WARN_UNINITIALIZED_AUTOS = YES_AGGRESSIVE;
				GCC_WARN_UNUSED_FUNCTION = YES;
				GCC_WARN_UNUSED_VARIABLE = YES;
				IPHONEOS_DEPLOYMENT_TARGET = 11.4;
				MTL_ENABLE_DEBUG_INFO = NO;
				SDKROOT = iphoneos;
				SWIFT_COMPILATION_MODE = wholemodule;
				SWIFT_OPTIMIZATION_LEVEL = "-O";
				VALIDATE_PRODUCT = YES;
			};
			name = Release;
		};
		8CB840F221135DC0004BCF01 /* Debug */ = {
			isa = XCBuildConfiguration;
			buildSettings = {
				ASSETCATALOG_COMPILER_APPICON_NAME = AppIcon;
				CODE_SIGN_STYLE = Automatic;
				DEVELOPMENT_TEAM = 97VAZL594P;
				INFOPLIST_FILE = "Hobby Tutorial/Info.plist";
				LD_RUNPATH_SEARCH_PATHS = (
					"$(inherited)",
					"@executable_path/Frameworks",
				);
				PRODUCT_BUNDLE_IDENTIFIER = "ricardo.com.example.Hobby-Tutorial";
				PRODUCT_NAME = "$(TARGET_NAME)";
				SWIFT_VERSION = 4.0;
				TARGETED_DEVICE_FAMILY = "1,2";
			};
			name = Debug;
		};
		8CB840F321135DC0004BCF01 /* Release */ = {
			isa = XCBuildConfiguration;
			buildSettings = {
				ASSETCATALOG_COMPILER_APPICON_NAME = AppIcon;
				CODE_SIGN_STYLE = Automatic;
				DEVELOPMENT_TEAM = 97VAZL594P;
				INFOPLIST_FILE = "Hobby Tutorial/Info.plist";
				LD_RUNPATH_SEARCH_PATHS = (
					"$(inherited)",
					"@executable_path/Frameworks",
				);
				PRODUCT_BUNDLE_IDENTIFIER = "ricardo.com.example.Hobby-Tutorial";
				PRODUCT_NAME = "$(TARGET_NAME)";
				SWIFT_VERSION = 4.0;
				TARGETED_DEVICE_FAMILY = "1,2";
			};
			name = Release;
		};
		8CB840F521135DC0004BCF01 /* Debug */ = {
			isa = XCBuildConfiguration;
			buildSettings = {
				ALWAYS_EMBED_SWIFT_STANDARD_LIBRARIES = YES;
				BUNDLE_LOADER = "$(TEST_HOST)";
				CODE_SIGN_STYLE = Automatic;
				DEVELOPMENT_TEAM = 97VAZL594P;
				INFOPLIST_FILE = "Hobby TutorialTests/Info.plist";
				LD_RUNPATH_SEARCH_PATHS = (
					"$(inherited)",
					"@executable_path/Frameworks",
					"@loader_path/Frameworks",
				);
				PRODUCT_BUNDLE_IDENTIFIER = "ricardo.com.example.Hobby-TutorialTests";
				PRODUCT_NAME = "$(TARGET_NAME)";
				SWIFT_VERSION = 4.0;
				TARGETED_DEVICE_FAMILY = "1,2";
				TEST_HOST = "$(BUILT_PRODUCTS_DIR)/Hobby Tutorial.app/Hobby Tutorial";
			};
			name = Debug;
		};
		8CB840F621135DC0004BCF01 /* Release */ = {
			isa = XCBuildConfiguration;
			buildSettings = {
				ALWAYS_EMBED_SWIFT_STANDARD_LIBRARIES = YES;
				BUNDLE_LOADER = "$(TEST_HOST)";
				CODE_SIGN_STYLE = Automatic;
				DEVELOPMENT_TEAM = 97VAZL594P;
				INFOPLIST_FILE = "Hobby TutorialTests/Info.plist";
				LD_RUNPATH_SEARCH_PATHS = (
					"$(inherited)",
					"@executable_path/Frameworks",
					"@loader_path/Frameworks",
				);
				PRODUCT_BUNDLE_IDENTIFIER = "ricardo.com.example.Hobby-TutorialTests";
				PRODUCT_NAME = "$(TARGET_NAME)";
				SWIFT_VERSION = 4.0;
				TARGETED_DEVICE_FAMILY = "1,2";
				TEST_HOST = "$(BUILT_PRODUCTS_DIR)/Hobby Tutorial.app/Hobby Tutorial";
			};
			name = Release;
		};
		8CB840F821135DC0004BCF01 /* Debug */ = {
			isa = XCBuildConfiguration;
			buildSettings = {
				ALWAYS_EMBED_SWIFT_STANDARD_LIBRARIES = YES;
				CODE_SIGN_STYLE = Automatic;
				DEVELOPMENT_TEAM = 97VAZL594P;
				INFOPLIST_FILE = "Hobby TutorialUITests/Info.plist";
				LD_RUNPATH_SEARCH_PATHS = (
					"$(inherited)",
					"@executable_path/Frameworks",
					"@loader_path/Frameworks",
				);
				PRODUCT_BUNDLE_IDENTIFIER = "ricardo.com.example.Hobby-TutorialUITests";
				PRODUCT_NAME = "$(TARGET_NAME)";
				SWIFT_VERSION = 4.0;
				TARGETED_DEVICE_FAMILY = "1,2";
				TEST_TARGET_NAME = "Hobby Tutorial";
			};
			name = Debug;
		};
		8CB840F921135DC0004BCF01 /* Release */ = {
			isa = XCBuildConfiguration;
			buildSettings = {
				ALWAYS_EMBED_SWIFT_STANDARD_LIBRARIES = YES;
				CODE_SIGN_STYLE = Automatic;
				DEVELOPMENT_TEAM = 97VAZL594P;
				INFOPLIST_FILE = "Hobby TutorialUITests/Info.plist";
				LD_RUNPATH_SEARCH_PATHS = (
					"$(inherited)",
					"@executable_path/Frameworks",
					"@loader_path/Frameworks",
				);
				PRODUCT_BUNDLE_IDENTIFIER = "ricardo.com.example.Hobby-TutorialUITests";
				PRODUCT_NAME = "$(TARGET_NAME)";
				SWIFT_VERSION = 4.0;
				TARGETED_DEVICE_FAMILY = "1,2";
				TEST_TARGET_NAME = "Hobby Tutorial";
			};
			name = Release;
		};
/* End XCBuildConfiguration section */

/* Begin XCConfigurationList section */
		8CB840C421135DBF004BCF01 /* Build configuration list for PBXProject "Hobby Tutorial" */ = {
			isa = XCConfigurationList;
			buildConfigurations = (
				8CB840EF21135DC0004BCF01 /* Debug */,
				8CB840F021135DC0004BCF01 /* Release */,
			);
			defaultConfigurationIsVisible = 0;
			defaultConfigurationName = Release;
		};
		8CB840F121135DC0004BCF01 /* Build configuration list for PBXNativeTarget "Hobby Tutorial" */ = {
			isa = XCConfigurationList;
			buildConfigurations = (
				8CB840F221135DC0004BCF01 /* Debug */,
				8CB840F321135DC0004BCF01 /* Release */,
			);
			defaultConfigurationIsVisible = 0;
			defaultConfigurationName = Release;
		};
		8CB840F421135DC0004BCF01 /* Build configuration list for PBXNativeTarget "Hobby TutorialTests" */ = {
			isa = XCConfigurationList;
			buildConfigurations = (
				8CB840F521135DC0004BCF01 /* Debug */,
				8CB840F621135DC0004BCF01 /* Release */,
			);
			defaultConfigurationIsVisible = 0;
			defaultConfigurationName = Release;
		};
		8CB840F721135DC0004BCF01 /* Build configuration list for PBXNativeTarget "Hobby TutorialUITests" */ = {
			isa = XCConfigurationList;
			buildConfigurations = (
				8CB840F821135DC0004BCF01 /* Debug */,
				8CB840F921135DC0004BCF01 /* Release */,
			);
			defaultConfigurationIsVisible = 0;
			defaultConfigurationName = Release;
		};
/* End XCConfigurationList section */
	};
	rootObject = 8CB840C121135DBF004BCF01 /* Project object */;
}
