// !$*UTF8*$!
{
	archiveVersion = 1;
	classes = {
	};
	objectVersion = 50;
	objects = {

/* Begin PBXBuildFile section */
		8CB84093211353E7004BCF01 /* AppDelegate.swift in Sources */ = {isa = PBXBuildFile; fileRef = 8CB84092211353E7004BCF01 /* AppDelegate.swift */; };
		8CB84095211353E7004BCF01 /* ViewController.swift in Sources */ = {isa = PBXBuildFile; fileRef = 8CB84094211353E7004BCF01 /* ViewController.swift */; };
		8CB84098211353E7004BCF01 /* Main.storyboard in Resources */ = {isa = PBXBuildFile; fileRef = 8CB84096211353E7004BCF01 /* Main.storyboard */; };
		8CB8409A211353EC004BCF01 /* Assets.xcassets in Resources */ = {isa = PBXBuildFile; fileRef = 8CB84099211353EC004BCF01 /* Assets.xcassets */; };
		8CB8409D211353EC004BCF01 /* LaunchScreen.storyboard in Resources */ = {isa = PBXBuildFile; fileRef = 8CB8409B211353EC004BCF01 /* LaunchScreen.storyboard */; };
		8CB840A8211353EC004BCF01 /* HelloTests.swift in Sources */ = {isa = PBXBuildFile; fileRef = 8CB840A7211353EC004BCF01 /* HelloTests.swift */; };
		8CB840B3211353EC004BCF01 /* HelloUITests.swift in Sources */ = {isa = PBXBuildFile; fileRef = 8CB840B2211353EC004BCF01 /* HelloUITests.swift */; };
/* End PBXBuildFile section */

/* Begin PBXContainerItemProxy section */
		8CB840A4211353EC004BCF01 /* PBXContainerItemProxy */ = {
			isa = PBXContainerItemProxy;
			containerPortal = 8CB84087211353E7004BCF01 /* Project object */;
			proxyType = 1;
			remoteGlobalIDString = 8CB8408E211353E7004BCF01;
			remoteInfo = Hello;
		};
		8CB840AF211353EC004BCF01 /* PBXContainerItemProxy */ = {
			isa = PBXContainerItemProxy;
			containerPortal = 8CB84087211353E7004BCF01 /* Project object */;
			proxyType = 1;
			remoteGlobalIDString = 8CB8408E211353E7004BCF01;
			remoteInfo = Hello;
		};
/* End PBXContainerItemProxy section */

/* Begin PBXFileReference section */
		8CB8408F211353E7004BCF01 /* Hello.app */ = {isa = PBXFileReference; explicitFileType = wrapper.application; includeInIndex = 0; path = Hello.app; sourceTree = BUILT_PRODUCTS_DIR; };
		8CB84092211353E7004BCF01 /* AppDelegate.swift */ = {isa = PBXFileReference; lastKnownFileType = sourcecode.swift; path = AppDelegate.swift; sourceTree = "<group>"; };
		8CB84094211353E7004BCF01 /* ViewController.swift */ = {isa = PBXFileReference; lastKnownFileType = sourcecode.swift; path = ViewController.swift; sourceTree = "<group>"; };
		8CB84097211353E7004BCF01 /* Base */ = {isa = PBXFileReference; lastKnownFileType = file.storyboard; name = Base; path = Base.lproj/Main.storyboard; sourceTree = "<group>"; };
		8CB84099211353EC004BCF01 /* Assets.xcassets */ = {isa = PBXFileReference; lastKnownFileType = folder.assetcatalog; path = Assets.xcassets; sourceTree = "<group>"; };
		8CB8409C211353EC004BCF01 /* Base */ = {isa = PBXFileReference; lastKnownFileType = file.storyboard; name = Base; path = Base.lproj/LaunchScreen.storyboard; sourceTree = "<group>"; };
		8CB8409E211353EC004BCF01 /* Info.plist */ = {isa = PBXFileReference; lastKnownFileType = text.plist.xml; path = Info.plist; sourceTree = "<group>"; };
		8CB840A3211353EC004BCF01 /* HelloTests.xctest */ = {isa = PBXFileReference; explicitFileType = wrapper.cfbundle; includeInIndex = 0; path = HelloTests.xctest; sourceTree = BUILT_PRODUCTS_DIR; };
		8CB840A7211353EC004BCF01 /* HelloTests.swift */ = {isa = PBXFileReference; lastKnownFileType = sourcecode.swift; path = HelloTests.swift; sourceTree = "<group>"; };
		8CB840A9211353EC004BCF01 /* Info.plist */ = {isa = PBXFileReference; lastKnownFileType = text.plist.xml; path = Info.plist; sourceTree = "<group>"; };
		8CB840AE211353EC004BCF01 /* HelloUITests.xctest */ = {isa = PBXFileReference; explicitFileType = wrapper.cfbundle; includeInIndex = 0; path = HelloUITests.xctest; sourceTree = BUILT_PRODUCTS_DIR; };
		8CB840B2211353EC004BCF01 /* HelloUITests.swift */ = {isa = PBXFileReference; lastKnownFileType = sourcecode.swift; path = HelloUITests.swift; sourceTree = "<group>"; };
		8CB840B4211353EC004BCF01 /* Info.plist */ = {isa = PBXFileReference; lastKnownFileType = text.plist.xml; path = Info.plist; sourceTree = "<group>"; };
/* End PBXFileReference section */

/* Begin PBXFrameworksBuildPhase section */
		8CB8408C211353E7004BCF01 /* Frameworks */ = {
			isa = PBXFrameworksBuildPhase;
			buildActionMask = 2147483647;
			files = (
			);
			runOnlyForDeploymentPostprocessing = 0;
		};
		8CB840A0211353EC004BCF01 /* Frameworks */ = {
			isa = PBXFrameworksBuildPhase;
			buildActionMask = 2147483647;
			files = (
			);
			runOnlyForDeploymentPostprocessing = 0;
		};
		8CB840AB211353EC004BCF01 /* Frameworks */ = {
			isa = PBXFrameworksBuildPhase;
			buildActionMask = 2147483647;
			files = (
			);
			runOnlyForDeploymentPostprocessing = 0;
		};
/* End PBXFrameworksBuildPhase section */

/* Begin PBXGroup section */
		8CB84086211353E7004BCF01 = {
			isa = PBXGroup;
			children = (
				8CB84091211353E7004BCF01 /* Hello */,
				8CB840A6211353EC004BCF01 /* HelloTests */,
				8CB840B1211353EC004BCF01 /* HelloUITests */,
				8CB84090211353E7004BCF01 /* Products */,
			);
			sourceTree = "<group>";
		};
		8CB84090211353E7004BCF01 /* Products */ = {
			isa = PBXGroup;
			children = (
				8CB8408F211353E7004BCF01 /* Hello.app */,
				8CB840A3211353EC004BCF01 /* HelloTests.xctest */,
				8CB840AE211353EC004BCF01 /* HelloUITests.xctest */,
			);
			name = Products;
			sourceTree = "<group>";
		};
		8CB84091211353E7004BCF01 /* Hello */ = {
			isa = PBXGroup;
			children = (
				8CB84092211353E7004BCF01 /* AppDelegate.swift */,
				8CB84094211353E7004BCF01 /* ViewController.swift */,
				8CB84096211353E7004BCF01 /* Main.storyboard */,
				8CB84099211353EC004BCF01 /* Assets.xcassets */,
				8CB8409B211353EC004BCF01 /* LaunchScreen.storyboard */,
				8CB8409E211353EC004BCF01 /* Info.plist */,
			);
			path = Hello;
			sourceTree = "<group>";
		};
		8CB840A6211353EC004BCF01 /* HelloTests */ = {
			isa = PBXGroup;
			children = (
				8CB840A7211353EC004BCF01 /* HelloTests.swift */,
				8CB840A9211353EC004BCF01 /* Info.plist */,
			);
			path = HelloTests;
			sourceTree = "<group>";
		};
		8CB840B1211353EC004BCF01 /* HelloUITests */ = {
			isa = PBXGroup;
			children = (
				8CB840B2211353EC004BCF01 /* HelloUITests.swift */,
				8CB840B4211353EC004BCF01 /* Info.plist */,
			);
			path = HelloUITests;
			sourceTree = "<group>";
		};
/* End PBXGroup section */

/* Begin PBXNativeTarget section */
		8CB8408E211353E7004BCF01 /* Hello */ = {
			isa = PBXNativeTarget;
			buildConfigurationList = 8CB840B7211353EC004BCF01 /* Build configuration list for PBXNativeTarget "Hello" */;
			buildPhases = (
				8CB8408B211353E7004BCF01 /* Sources */,
				8CB8408C211353E7004BCF01 /* Frameworks */,
				8CB8408D211353E7004BCF01 /* Resources */,
			);
			buildRules = (
			);
			dependencies = (
			);
			name = Hello;
			productName = Hello;
			productReference = 8CB8408F211353E7004BCF01 /* Hello.app */;
			productType = "com.apple.product-type.application";
		};
		8CB840A2211353EC004BCF01 /* HelloTests */ = {
			isa = PBXNativeTarget;
			buildConfigurationList = 8CB840BA211353EC004BCF01 /* Build configuration list for PBXNativeTarget "HelloTests" */;
			buildPhases = (
				8CB8409F211353EC004BCF01 /* Sources */,
				8CB840A0211353EC004BCF01 /* Frameworks */,
				8CB840A1211353EC004BCF01 /* Resources */,
			);
			buildRules = (
			);
			dependencies = (
				8CB840A5211353EC004BCF01 /* PBXTargetDependency */,
			);
			name = HelloTests;
			productName = HelloTests;
			productReference = 8CB840A3211353EC004BCF01 /* HelloTests.xctest */;
			productType = "com.apple.product-type.bundle.unit-test";
		};
		8CB840AD211353EC004BCF01 /* HelloUITests */ = {
			isa = PBXNativeTarget;
			buildConfigurationList = 8CB840BD211353EC004BCF01 /* Build configuration list for PBXNativeTarget "HelloUITests" */;
			buildPhases = (
				8CB840AA211353EC004BCF01 /* Sources */,
				8CB840AB211353EC004BCF01 /* Frameworks */,
				8CB840AC211353EC004BCF01 /* Resources */,
			);
			buildRules = (
			);
			dependencies = (
				8CB840B0211353EC004BCF01 /* PBXTargetDependency */,
			);
			name = HelloUITests;
			productName = HelloUITests;
			productReference = 8CB840AE211353EC004BCF01 /* HelloUITests.xctest */;
			productType = "com.apple.product-type.bundle.ui-testing";
		};
/* End PBXNativeTarget section */

/* Begin PBXProject section */
		8CB84087211353E7004BCF01 /* Project object */ = {
			isa = PBXProject;
			attributes = {
				LastSwiftUpdateCheck = 0940;
				LastUpgradeCheck = 0940;
				ORGANIZATIONNAME = "Ricardo van Burik";
				TargetAttributes = {
					8CB8408E211353E7004BCF01 = {
						CreatedOnToolsVersion = 9.4.1;
					};
					8CB840A2211353EC004BCF01 = {
						CreatedOnToolsVersion = 9.4.1;
						TestTargetID = 8CB8408E211353E7004BCF01;
					};
					8CB840AD211353EC004BCF01 = {
						CreatedOnToolsVersion = 9.4.1;
						TestTargetID = 8CB8408E211353E7004BCF01;
					};
				};
			};
			buildConfigurationList = 8CB8408A211353E7004BCF01 /* Build configuration list for PBXProject "Hello" */;
			compatibilityVersion = "Xcode 9.3";
			developmentRegion = en;
			hasScannedForEncodings = 0;
			knownRegions = (
				en,
				Base,
			);
			mainGroup = 8CB84086211353E7004BCF01;
			productRefGroup = 8CB84090211353E7004BCF01 /* Products */;
			projectDirPath = "";
			projectRoot = "";
			targets = (
				8CB8408E211353E7004BCF01 /* Hello */,
				8CB840A2211353EC004BCF01 /* HelloTests */,
				8CB840AD211353EC004BCF01 /* HelloUITests */,
			);
		};
/* End PBXProject section */

/* Begin PBXResourcesBuildPhase section */
		8CB8408D211353E7004BCF01 /* Resources */ = {
			isa = PBXResourcesBuildPhase;
			buildActionMask = 2147483647;
			files = (
				8CB8409D211353EC004BCF01 /* LaunchScreen.storyboard in Resources */,
				8CB8409A211353EC004BCF01 /* Assets.xcassets in Resources */,
				8CB84098211353E7004BCF01 /* Main.storyboard in Resources */,
			);
			runOnlyForDeploymentPostprocessing = 0;
		};
		8CB840A1211353EC004BCF01 /* Resources */ = {
			isa = PBXResourcesBuildPhase;
			buildActionMask = 2147483647;
			files = (
			);
			runOnlyForDeploymentPostprocessing = 0;
		};
		8CB840AC211353EC004BCF01 /* Resources */ = {
			isa = PBXResourcesBuildPhase;
			buildActionMask = 2147483647;
			files = (
			);
			runOnlyForDeploymentPostprocessing = 0;
		};
/* End PBXResourcesBuildPhase section */

/* Begin PBXSourcesBuildPhase section */
		8CB8408B211353E7004BCF01 /* Sources */ = {
			isa = PBXSourcesBuildPhase;
			buildActionMask = 2147483647;
			files = (
				8CB84095211353E7004BCF01 /* ViewController.swift in Sources */,
				8CB84093211353E7004BCF01 /* AppDelegate.swift in Sources */,
			);
			runOnlyForDeploymentPostprocessing = 0;
		};
		8CB8409F211353EC004BCF01 /* Sources */ = {
			isa = PBXSourcesBuildPhase;
			buildActionMask = 2147483647;
			files = (
				8CB840A8211353EC004BCF01 /* HelloTests.swift in Sources */,
			);
			runOnlyForDeploymentPostprocessing = 0;
		};
		8CB840AA211353EC004BCF01 /* Sources */ = {
			isa = PBXSourcesBuildPhase;
			buildActionMask = 2147483647;
			files = (
				8CB840B3211353EC004BCF01 /* HelloUITests.swift in Sources */,
			);
			runOnlyForDeploymentPostprocessing = 0;
		};
/* End PBXSourcesBuildPhase section */

/* Begin PBXTargetDependency section */
		8CB840A5211353EC004BCF01 /* PBXTargetDependency */ = {
			isa = PBXTargetDependency;
			target = 8CB8408E211353E7004BCF01 /* Hello */;
			targetProxy = 8CB840A4211353EC004BCF01 /* PBXContainerItemProxy */;
		};
		8CB840B0211353EC004BCF01 /* PBXTargetDependency */ = {
			isa = PBXTargetDependency;
			target = 8CB8408E211353E7004BCF01 /* Hello */;
			targetProxy = 8CB840AF211353EC004BCF01 /* PBXContainerItemProxy */;
		};
/* End PBXTargetDependency section */

/* Begin PBXVariantGroup section */
		8CB84096211353E7004BCF01 /* Main.storyboard */ = {
			isa = PBXVariantGroup;
			children = (
				8CB84097211353E7004BCF01 /* Base */,
			);
			name = Main.storyboard;
			sourceTree = "<group>";
		};
		8CB8409B211353EC004BCF01 /* LaunchScreen.storyboard */ = {
			isa = PBXVariantGroup;
			children = (
				8CB8409C211353EC004BCF01 /* Base */,
			);
			name = LaunchScreen.storyboard;
			sourceTree = "<group>";
		};
/* End PBXVariantGroup section */

/* Begin XCBuildConfiguration section */
		8CB840B5211353EC004BCF01 /* Debug */ = {
			isa = XCBuildConfiguration;
			buildSettings = {
				ALWAYS_SEARCH_USER_PATHS = NO;
				CLANG_ANALYZER_NONNULL = YES;
				CLANG_ANALYZER_NUMBER_OBJECT_CONVERSION = YES_AGGRESSIVE;
				CLANG_CXX_LANGUAGE_STANDARD = "gnu++14";
				CLANG_CXX_LIBRARY = "libc++";
				CLANG_ENABLE_MODULES = YES;
				CLANG_ENABLE_OBJC_ARC = YES;
				CLANG_ENABLE_OBJC_WEAK = YES;
				CLANG_WARN_BLOCK_CAPTURE_AUTORELEASING = YES;
				CLANG_WARN_BOOL_CONVERSION = YES;
				CLANG_WARN_COMMA = YES;
				CLANG_WARN_CONSTANT_CONVERSION = YES;
				CLANG_WARN_DEPRECATED_OBJC_IMPLEMENTATIONS = YES;
				CLANG_WARN_DIRECT_OBJC_ISA_USAGE = YES_ERROR;
				CLANG_WARN_DOCUMENTATION_COMMENTS = YES;
				CLANG_WARN_EMPTY_BODY = YES;
				CLANG_WARN_ENUM_CONVERSION = YES;
				CLANG_WARN_INFINITE_RECURSION = YES;
				CLANG_WARN_INT_CONVERSION = YES;
				CLANG_WARN_NON_LITERAL_NULL_CONVERSION = YES;
				CLANG_WARN_OBJC_IMPLICIT_RETAIN_SELF = YES;
				CLANG_WARN_OBJC_LITERAL_CONVERSION = YES;
				CLANG_WARN_OBJC_ROOT_CLASS = YES_ERROR;
				CLANG_WARN_RANGE_LOOP_ANALYSIS = YES;
				CLANG_WARN_STRICT_PROTOTYPES = YES;
				CLANG_WARN_SUSPICIOUS_MOVE = YES;
				CLANG_WARN_UNGUARDED_AVAILABILITY = YES_AGGRESSIVE;
				CLANG_WARN_UNREACHABLE_CODE = YES;
				CLANG_WARN__DUPLICATE_METHOD_MATCH = YES;
				CODE_SIGN_IDENTITY = "iPhone Developer";
				COPY_PHASE_STRIP = NO;
				DEBUG_INFORMATION_FORMAT = dwarf;
				ENABLE_STRICT_OBJC_MSGSEND = YES;
				ENABLE_TESTABILITY = YES;
				GCC_C_LANGUAGE_STANDARD = gnu11;
				GCC_DYNAMIC_NO_PIC = NO;
				GCC_NO_COMMON_BLOCKS = YES;
				GCC_OPTIMIZATION_LEVEL = 0;
				GCC_PREPROCESSOR_DEFINITIONS = (
					"DEBUG=1",
					"$(inherited)",
				);
				GCC_WARN_64_TO_32_BIT_CONVERSION = YES;
				GCC_WARN_ABOUT_RETURN_TYPE = YES_ERROR;
				GCC_WARN_UNDECLARED_SELECTOR = YES;
				GCC_WARN_UNINITIALIZED_AUTOS = YES_AGGRESSIVE;
				GCC_WARN_UNUSED_FUNCTION = YES;
				GCC_WARN_UNUSED_VARIABLE = YES;
				IPHONEOS_DEPLOYMENT_TARGET = 11.4;
				MTL_ENABLE_DEBUG_INFO = YES;
				ONLY_ACTIVE_ARCH = YES;
				SDKROOT = iphoneos;
				SWIFT_ACTIVE_COMPILATION_CONDITIONS = DEBUG;
				SWIFT_OPTIMIZATION_LEVEL = "-Onone";
			};
			name = Debug;
		};
		8CB840B6211353EC004BCF01 /* Release */ = {
			isa = XCBuildConfiguration;
			buildSettings = {
				ALWAYS_SEARCH_USER_PATHS = NO;
				CLANG_ANALYZER_NONNULL = YES;
				CLANG_ANALYZER_NUMBER_OBJECT_CONVERSION = YES_AGGRESSIVE;
				CLANG_CXX_LANGUAGE_STANDARD = "gnu++14";
				CLANG_CXX_LIBRARY = "libc++";
				CLANG_ENABLE_MODULES = YES;
				CLANG_ENABLE_OBJC_ARC = YES;
				CLANG_ENABLE_OBJC_WEAK = YES;
				CLANG_WARN_BLOCK_CAPTURE_AUTORELEASING = YES;
				CLANG_WARN_BOOL_CONVERSION = YES;
				CLANG_WARN_COMMA = YES;
				CLANG_WARN_CONSTANT_CONVERSION = YES;
				CLANG_WARN_DEPRECATED_OBJC_IMPLEMENTATIONS = YES;
				CLANG_WARN_DIRECT_OBJC_ISA_USAGE = YES_ERROR;
				CLANG_WARN_DOCUMENTATION_COMMENTS = YES;
				CLANG_WARN_EMPTY_BODY = YES;
				CLANG_WARN_ENUM_CONVERSION = YES;
				CLANG_WARN_INFINITE_RECURSION = YES;
				CLANG_WARN_INT_CONVERSION = YES;
				CLANG_WARN_NON_LITERAL_NULL_CONVERSION = YES;
				CLANG_WARN_OBJC_IMPLICIT_RETAIN_SELF = YES;
				CLANG_WARN_OBJC_LITERAL_CONVERSION = YES;
				CLANG_WARN_OBJC_ROOT_CLASS = YES_ERROR;
				CLANG_WARN_RANGE_LOOP_ANALYSIS = YES;
				CLANG_WARN_STRICT_PROTOTYPES = YES;
				CLANG_WARN_SUSPICIOUS_MOVE = YES;
				CLANG_WARN_UNGUARDED_AVAILABILITY = YES_AGGRESSIVE;
				CLANG_WARN_UNREACHABLE_CODE = YES;
				CLANG_WARN__DUPLICATE_METHOD_MATCH = YES;
				CODE_SIGN_IDENTITY = "iPhone Developer";
				COPY_PHASE_STRIP = NO;
				DEBUG_INFORMATION_FORMAT = "dwarf-with-dsym";
				ENABLE_NS_ASSERTIONS = NO;
				ENABLE_STRICT_OBJC_MSGSEND = YES;
				GCC_C_LANGUAGE_STANDARD = gnu11;
				GCC_NO_COMMON_BLOCKS = YES;
				GCC_WARN_64_TO_32_BIT_CONVERSION = YES;
				GCC_WARN_ABOUT_RETURN_TYPE = YES_ERROR;
				GCC_WARN_UNDECLARED_SELECTOR = YES;
				GCC_WARN_UNINITIALIZED_AUTOS = YES_AGGRESSIVE;
				GCC_WARN_UNUSED_FUNCTION = YES;
				GCC_WARN_UNUSED_VARIABLE = YES;
				IPHONEOS_DEPLOYMENT_TARGET = 11.4;
				MTL_ENABLE_DEBUG_INFO = NO;
				SDKROOT = iphoneos;
				SWIFT_COMPILATION_MODE = wholemodule;
				SWIFT_OPTIMIZATION_LEVEL = "-O";
				VALIDATE_PRODUCT = YES;
			};
			name = Release;
		};
		8CB840B8211353EC004BCF01 /* Debug */ = {
			isa = XCBuildConfiguration;
			buildSettings = {
				ASSETCATALOG_COMPILER_APPICON_NAME = AppIcon;
				CODE_SIGN_STYLE = Automatic;
				DEVELOPMENT_TEAM = 97VAZL594P;
				INFOPLIST_FILE = Hello/Info.plist;
				LD_RUNPATH_SEARCH_PATHS = (
					"$(inherited)",
					"@executable_path/Frameworks",
				);
				PRODUCT_BUNDLE_IDENTIFIER = ricardo.com.example.Hello;
				PRODUCT_NAME = "$(TARGET_NAME)";
				SWIFT_VERSION = 4.0;
				TARGETED_DEVICE_FAMILY = "1,2";
			};
			name = Debug;
		};
		8CB840B9211353EC004BCF01 /* Release */ = {
			isa = XCBuildConfiguration;
			buildSettings = {
				ASSETCATALOG_COMPILER_APPICON_NAME = AppIcon;
				CODE_SIGN_STYLE = Automatic;
				DEVELOPMENT_TEAM = 97VAZL594P;
				INFOPLIST_FILE = Hello/Info.plist;
				LD_RUNPATH_SEARCH_PATHS = (
					"$(inherited)",
					"@executable_path/Frameworks",
				);
				PRODUCT_BUNDLE_IDENTIFIER = ricardo.com.example.Hello;
				PRODUCT_NAME = "$(TARGET_NAME)";
				SWIFT_VERSION = 4.0;
				TARGETED_DEVICE_FAMILY = "1,2";
			};
			name = Release;
		};
		8CB840BB211353EC004BCF01 /* Debug */ = {
			isa = XCBuildConfiguration;
			buildSettings = {
				ALWAYS_EMBED_SWIFT_STANDARD_LIBRARIES = YES;
				BUNDLE_LOADER = "$(TEST_HOST)";
				CODE_SIGN_STYLE = Automatic;
				DEVELOPMENT_TEAM = 97VAZL594P;
				INFOPLIST_FILE = HelloTests/Info.plist;
				LD_RUNPATH_SEARCH_PATHS = (
					"$(inherited)",
					"@executable_path/Frameworks",
					"@loader_path/Frameworks",
				);
				PRODUCT_BUNDLE_IDENTIFIER = ricardo.com.example.HelloTests;
				PRODUCT_NAME = "$(TARGET_NAME)";
				SWIFT_VERSION = 4.0;
				TARGETED_DEVICE_FAMILY = "1,2";
				TEST_HOST = "$(BUILT_PRODUCTS_DIR)/Hello.app/Hello";
			};
			name = Debug;
		};
		8CB840BC211353EC004BCF01 /* Release */ = {
			isa = XCBuildConfiguration;
			buildSettings = {
				ALWAYS_EMBED_SWIFT_STANDARD_LIBRARIES = YES;
				BUNDLE_LOADER = "$(TEST_HOST)";
				CODE_SIGN_STYLE = Automatic;
				DEVELOPMENT_TEAM = 97VAZL594P;
				INFOPLIST_FILE = HelloTests/Info.plist;
				LD_RUNPATH_SEARCH_PATHS = (
					"$(inherited)",
					"@executable_path/Frameworks",
					"@loader_path/Frameworks",
				);
				PRODUCT_BUNDLE_IDENTIFIER = ricardo.com.example.HelloTests;
				PRODUCT_NAME = "$(TARGET_NAME)";
				SWIFT_VERSION = 4.0;
				TARGETED_DEVICE_FAMILY = "1,2";
				TEST_HOST = "$(BUILT_PRODUCTS_DIR)/Hello.app/Hello";
			};
			name = Release;
		};
		8CB840BE211353EC004BCF01 /* Debug */ = {
			isa = XCBuildConfiguration;
			buildSettings = {
				ALWAYS_EMBED_SWIFT_STANDARD_LIBRARIES = YES;
				CODE_SIGN_STYLE = Automatic;
				DEVELOPMENT_TEAM = 97VAZL594P;
				INFOPLIST_FILE = HelloUITests/Info.plist;
				LD_RUNPATH_SEARCH_PATHS = (
					"$(inherited)",
					"@executable_path/Frameworks",
					"@loader_path/Frameworks",
				);
				PRODUCT_BUNDLE_IDENTIFIER = ricardo.com.example.HelloUITests;
				PRODUCT_NAME = "$(TARGET_NAME)";
				SWIFT_VERSION = 4.0;
				TARGETED_DEVICE_FAMILY = "1,2";
				TEST_TARGET_NAME = Hello;
			};
			name = Debug;
		};
		8CB840BF211353EC004BCF01 /* Release */ = {
			isa = XCBuildConfiguration;
			buildSettings = {
				ALWAYS_EMBED_SWIFT_STANDARD_LIBRARIES = YES;
				CODE_SIGN_STYLE = Automatic;
				DEVELOPMENT_TEAM = 97VAZL594P;
				INFOPLIST_FILE = HelloUITests/Info.plist;
				LD_RUNPATH_SEARCH_PATHS = (
					"$(inherited)",
					"@executable_path/Frameworks",
					"@loader_path/Frameworks",
				);
				PRODUCT_BUNDLE_IDENTIFIER = ricardo.com.example.HelloUITests;
				PRODUCT_NAME = "$(TARGET_NAME)";
				SWIFT_VERSION = 4.0;
				TARGETED_DEVICE_FAMILY = "1,2";
				TEST_TARGET_NAME = Hello;
			};
			name = Release;
		};
/* End XCBuildConfiguration section */

/* Begin XCConfigurationList section */
		8CB8408A211353E7004BCF01 /* Build configuration list for PBXProject "Hello" */ = {
			isa = XCConfigurationList;
			buildConfigurations = (
				8CB840B5211353EC004BCF01 /* Debug */,
				8CB840B6211353EC004BCF01 /* Release */,
			);
			defaultConfigurationIsVisible = 0;
			defaultConfigurationName = Release;
		};
		8CB840B7211353EC004BCF01 /* Build configuration list for PBXNativeTarget "Hello" */ = {
			isa = XCConfigurationList;
			buildConfigurations = (
				8CB840B8211353EC004BCF01 /* Debug */,
				8CB840B9211353EC004BCF01 /* Release */,
			);
			defaultConfigurationIsVisible = 0;
			defaultConfigurationName = Release;
		};
		8CB840BA211353EC004BCF01 /* Build configuration list for PBXNativeTarget "HelloTests" */ = {
			isa = XCConfigurationList;
			buildConfigurations = (
				8CB840BB211353EC004BCF01 /* Debug */,
				8CB840BC211353EC004BCF01 /* Release */,
			);
			defaultConfigurationIsVisible = 0;
			defaultConfigurationName = Release;
		};
		8CB840BD211353EC004BCF01 /* Build configuration list for PBXNativeTarget "HelloUITests" */ = {
			isa = XCConfigurationList;
			buildConfigurations = (
				8CB840BE211353EC004BCF01 /* Debug */,
				8CB840BF211353EC004BCF01 /* Release */,
			);
			defaultConfigurationIsVisible = 0;
			defaultConfigurationName = Release;
		};
/* End XCConfigurationList section */
	};
	rootObject = 8CB84087211353E7004BCF01 /* Project object */;
}
